
Microsoft Visual Studio Solution File, Format Version 12.00
# Visual Studio Version 17
VisualStudioVersion = 17.1.32421.90
MinimumVisualStudioVersion = 10.0.40219.1
Project("{FAE04EC0-301F-11D3-BF4B-00C04F79EFBC}") = "YazilimMimariTasarim", "YazilimMimariTasarim.csproj", "{8D8939BF-AE06-41D9-B3BA-55EA74AEB3FA}"
EndProject
Global
	GlobalSection(SolutionConfigurationPlatforms) = preSolution
		Debug|Any CPU = Debug|Any CPU
		Release|Any CPU = Release|Any CPU
	EndGlobalSection
	GlobalSection(ProjectConfigurationPlatforms) = postSolution
		{8D8939BF-AE06-41D9-B3BA-55EA74AEB3FA}.Debug|Any CPU.ActiveCfg = Debug|Any CPU
		{8D8939BF-AE06-41D9-B3BA-55EA74AEB3FA}.Debug|Any CPU.Build.0 = Debug|Any CPU
		{8D8939BF-AE06-41D9-B3BA-55EA74AEB3FA}.Release|Any CPU.ActiveCfg = Release|Any CPU
		{8D8939BF-AE06-41D9-B3BA-55EA74AEB3FA}.Release|Any CPU.Build.0 = Release|Any CPU
	EndGlobalSection
	GlobalSection(SolutionProperties) = preSolution
		HideSolutionNode = FALSE
	EndGlobalSection
	GlobalSection(ExtensibilityGlobals) = postSolution
		SolutionGuid = {29DC5B8C-C9F7-4F25-8226-691E94B24F02}
	EndGlobalSection
EndGlobal
